// !$*UTF8*$!
{
	archiveVersion = 1;
	classes = {
	};
	objectVersion = 48;
	objects = {

/* Begin PBXBuildFile section */
		00457B8E508FEAE18B9F78D2 /* Pods_ForceManagerTests.framework in Frameworks */ = {isa = PBXBuildFile; fileRef = E4840E1366C3F5B4DE4F1FC7 /* Pods_ForceManagerTests.framework */; };
		09940E3E96DBA8FDC5A35701 /* Pods_ForceManager.framework in Frameworks */ = {isa = PBXBuildFile; fileRef = 9FCAC67AFCD3588373FBF1C4 /* Pods_ForceManager.framework */; };
		1F79AD44201A5918003FA1E3 /* AppDelegate.swift in Sources */ = {isa = PBXBuildFile; fileRef = 1F79AD43201A5918003FA1E3 /* AppDelegate.swift */; };
		1F79AD49201A5918003FA1E3 /* Main.storyboard in Resources */ = {isa = PBXBuildFile; fileRef = 1F79AD47201A5918003FA1E3 /* Main.storyboard */; };
		1F79AD4B201A5918003FA1E3 /* Assets.xcassets in Resources */ = {isa = PBXBuildFile; fileRef = 1F79AD4A201A5918003FA1E3 /* Assets.xcassets */; };
		1F79AD4E201A5918003FA1E3 /* LaunchScreen.storyboard in Resources */ = {isa = PBXBuildFile; fileRef = 1F79AD4C201A5918003FA1E3 /* LaunchScreen.storyboard */; };
		1F79AD59201A5918003FA1E3 /* ForceManagerTests.swift in Sources */ = {isa = PBXBuildFile; fileRef = 1F79AD58201A5918003FA1E3 /* ForceManagerTests.swift */; };
		1F79AD64201A5918003FA1E3 /* ForceManagerUITests.swift in Sources */ = {isa = PBXBuildFile; fileRef = 1F79AD63201A5918003FA1E3 /* ForceManagerUITests.swift */; };
		1F79AD78201A5A8E003FA1E3 /* Monuments.storyboard in Resources */ = {isa = PBXBuildFile; fileRef = 1F79AD72201A5A8E003FA1E3 /* Monuments.storyboard */; };
		1F79AD79201A5A8E003FA1E3 /* MonumentsDisplayData.swift in Sources */ = {isa = PBXBuildFile; fileRef = 1F79AD73201A5A8E003FA1E3 /* MonumentsDisplayData.swift */; };
		1F79AD7A201A5A8E003FA1E3 /* MonumentsPresenter.swift in Sources */ = {isa = PBXBuildFile; fileRef = 1F79AD74201A5A8E003FA1E3 /* MonumentsPresenter.swift */; };
		1F79AD7B201A5A8E003FA1E3 /* MonumentsRouter.swift in Sources */ = {isa = PBXBuildFile; fileRef = 1F79AD75201A5A8E003FA1E3 /* MonumentsRouter.swift */; };
		1F79AD7C201A5A8E003FA1E3 /* MonumentsInteractor.swift in Sources */ = {isa = PBXBuildFile; fileRef = 1F79AD76201A5A8E003FA1E3 /* MonumentsInteractor.swift */; };
		1F79AD7D201A5A8E003FA1E3 /* MonumentsView.swift in Sources */ = {isa = PBXBuildFile; fileRef = 1F79AD77201A5A8E003FA1E3 /* MonumentsView.swift */; };
		1F79AD80201A5AC3003FA1E3 /* AppModules.swift in Sources */ = {isa = PBXBuildFile; fileRef = 1F79AD7F201A5AC3003FA1E3 /* AppModules.swift */; };
		1F79AD84201A5D73003FA1E3 /* MonumentTableViewCell.swift in Sources */ = {isa = PBXBuildFile; fileRef = 1F79AD82201A5D73003FA1E3 /* MonumentTableViewCell.swift */; };
		1F79AD85201A5D73003FA1E3 /* MonumentTableViewCell.xib in Resources */ = {isa = PBXBuildFile; fileRef = 1F79AD83201A5D73003FA1E3 /* MonumentTableViewCell.xib */; };
		1F79AD89201A6479003FA1E3 /* Monument.swift in Sources */ = {isa = PBXBuildFile; fileRef = 1F79AD88201A6479003FA1E3 /* Monument.swift */; };
		1FBFA5C6201AB378009AB396 /* EditMonument.storyboard in Resources */ = {isa = PBXBuildFile; fileRef = 1FBFA5C0201AB378009AB396 /* EditMonument.storyboard */; };
		1FBFA5C7201AB378009AB396 /* EditMonumentDisplayData.swift in Sources */ = {isa = PBXBuildFile; fileRef = 1FBFA5C1201AB378009AB396 /* EditMonumentDisplayData.swift */; };
		1FBFA5C8201AB378009AB396 /* EditMonumentPresenter.swift in Sources */ = {isa = PBXBuildFile; fileRef = 1FBFA5C2201AB378009AB396 /* EditMonumentPresenter.swift */; };
		1FBFA5C9201AB378009AB396 /* EditMonumentRouter.swift in Sources */ = {isa = PBXBuildFile; fileRef = 1FBFA5C3201AB378009AB396 /* EditMonumentRouter.swift */; };
		1FBFA5CA201AB378009AB396 /* EditMonumentInteractor.swift in Sources */ = {isa = PBXBuildFile; fileRef = 1FBFA5C4201AB378009AB396 /* EditMonumentInteractor.swift */; };
		1FBFA5CB201AB378009AB396 /* EditMonumentView.swift in Sources */ = {isa = PBXBuildFile; fileRef = 1FBFA5C5201AB378009AB396 /* EditMonumentView.swift */; };
		1FBFA5CF201AC26C009AB396 /* Date+Extension.swift in Sources */ = {isa = PBXBuildFile; fileRef = 1FBFA5CE201AC26C009AB396 /* Date+Extension.swift */; };
		1FBFA5D2201ACF0F009AB396 /* Typealiases.swift in Sources */ = {isa = PBXBuildFile; fileRef = 1FBFA5D1201ACF0F009AB396 /* Typealiases.swift */; };
		2E412D762E3CD76CA06E7EB9 /* Pods_ForceManagerUITests.framework in Frameworks */ = {isa = PBXBuildFile; fileRef = C32415E01678DEA5BDDB1C13 /* Pods_ForceManagerUITests.framework */; };
/* End PBXBuildFile section */

/* Begin PBXContainerItemProxy section */
		1F79AD55201A5918003FA1E3 /* PBXContainerItemProxy */ = {
			isa = PBXContainerItemProxy;
			containerPortal = 1F79AD38201A5918003FA1E3 /* Project object */;
			proxyType = 1;
			remoteGlobalIDString = 1F79AD3F201A5918003FA1E3;
			remoteInfo = ForceManager;
		};
		1F79AD60201A5918003FA1E3 /* PBXContainerItemProxy */ = {
			isa = PBXContainerItemProxy;
			containerPortal = 1F79AD38201A5918003FA1E3 /* Project object */;
			proxyType = 1;
			remoteGlobalIDString = 1F79AD3F201A5918003FA1E3;
			remoteInfo = ForceManager;
		};
/* End PBXContainerItemProxy section */

/* Begin PBXFileReference section */
		03C905D59ADEE9288FE0AEA8 /* Pods-ForceManagerUITests.debug.xcconfig */ = {isa = PBXFileReference; includeInIndex = 1; lastKnownFileType = text.xcconfig; name = "Pods-ForceManagerUITests.debug.xcconfig"; path = "Pods/Target Support Files/Pods-ForceManagerUITests/Pods-ForceManagerUITests.debug.xcconfig"; sourceTree = "<group>"; };
		1F79AD40201A5918003FA1E3 /* ForceManager.app */ = {isa = PBXFileReference; explicitFileType = wrapper.application; includeInIndex = 0; path = ForceManager.app; sourceTree = BUILT_PRODUCTS_DIR; };
		1F79AD43201A5918003FA1E3 /* AppDelegate.swift */ = {isa = PBXFileReference; lastKnownFileType = sourcecode.swift; path = AppDelegate.swift; sourceTree = "<group>"; };
		1F79AD48201A5918003FA1E3 /* Base */ = {isa = PBXFileReference; lastKnownFileType = file.storyboard; name = Base; path = Base.lproj/Main.storyboard; sourceTree = "<group>"; };
		1F79AD4A201A5918003FA1E3 /* Assets.xcassets */ = {isa = PBXFileReference; lastKnownFileType = folder.assetcatalog; path = Assets.xcassets; sourceTree = "<group>"; };
		1F79AD4D201A5918003FA1E3 /* Base */ = {isa = PBXFileReference; lastKnownFileType = file.storyboard; name = Base; path = Base.lproj/LaunchScreen.storyboard; sourceTree = "<group>"; };
		1F79AD4F201A5918003FA1E3 /* Info.plist */ = {isa = PBXFileReference; lastKnownFileType = text.plist.xml; path = Info.plist; sourceTree = "<group>"; };
		1F79AD54201A5918003FA1E3 /* ForceManagerTests.xctest */ = {isa = PBXFileReference; explicitFileType = wrapper.cfbundle; includeInIndex = 0; path = ForceManagerTests.xctest; sourceTree = BUILT_PRODUCTS_DIR; };
		1F79AD58201A5918003FA1E3 /* ForceManagerTests.swift */ = {isa = PBXFileReference; lastKnownFileType = sourcecode.swift; path = ForceManagerTests.swift; sourceTree = "<group>"; };
		1F79AD5A201A5918003FA1E3 /* Info.plist */ = {isa = PBXFileReference; lastKnownFileType = text.plist.xml; path = Info.plist; sourceTree = "<group>"; };
		1F79AD5F201A5918003FA1E3 /* ForceManagerUITests.xctest */ = {isa = PBXFileReference; explicitFileType = wrapper.cfbundle; includeInIndex = 0; path = ForceManagerUITests.xctest; sourceTree = BUILT_PRODUCTS_DIR; };
		1F79AD63201A5918003FA1E3 /* ForceManagerUITests.swift */ = {isa = PBXFileReference; lastKnownFileType = sourcecode.swift; path = ForceManagerUITests.swift; sourceTree = "<group>"; };
		1F79AD65201A5918003FA1E3 /* Info.plist */ = {isa = PBXFileReference; lastKnownFileType = text.plist.xml; path = Info.plist; sourceTree = "<group>"; };
		1F79AD72201A5A8E003FA1E3 /* Monuments.storyboard */ = {isa = PBXFileReference; lastKnownFileType = file.storyboard; path = Monuments.storyboard; sourceTree = "<group>"; };
		1F79AD73201A5A8E003FA1E3 /* MonumentsDisplayData.swift */ = {isa = PBXFileReference; lastKnownFileType = sourcecode.swift; path = MonumentsDisplayData.swift; sourceTree = "<group>"; };
		1F79AD74201A5A8E003FA1E3 /* MonumentsPresenter.swift */ = {isa = PBXFileReference; lastKnownFileType = sourcecode.swift; path = MonumentsPresenter.swift; sourceTree = "<group>"; };
		1F79AD75201A5A8E003FA1E3 /* MonumentsRouter.swift */ = {isa = PBXFileReference; lastKnownFileType = sourcecode.swift; path = MonumentsRouter.swift; sourceTree = "<group>"; };
		1F79AD76201A5A8E003FA1E3 /* MonumentsInteractor.swift */ = {isa = PBXFileReference; lastKnownFileType = sourcecode.swift; path = MonumentsInteractor.swift; sourceTree = "<group>"; };
		1F79AD77201A5A8E003FA1E3 /* MonumentsView.swift */ = {isa = PBXFileReference; lastKnownFileType = sourcecode.swift; path = MonumentsView.swift; sourceTree = "<group>"; };
		1F79AD7F201A5AC3003FA1E3 /* AppModules.swift */ = {isa = PBXFileReference; lastKnownFileType = sourcecode.swift; path = AppModules.swift; sourceTree = "<group>"; };
		1F79AD82201A5D73003FA1E3 /* MonumentTableViewCell.swift */ = {isa = PBXFileReference; lastKnownFileType = sourcecode.swift; path = MonumentTableViewCell.swift; sourceTree = "<group>"; };
		1F79AD83201A5D73003FA1E3 /* MonumentTableViewCell.xib */ = {isa = PBXFileReference; lastKnownFileType = file.xib; path = MonumentTableViewCell.xib; sourceTree = "<group>"; };
		1F79AD88201A6479003FA1E3 /* Monument.swift */ = {isa = PBXFileReference; lastKnownFileType = sourcecode.swift; path = Monument.swift; sourceTree = "<group>"; };
		1FBFA5C0201AB378009AB396 /* EditMonument.storyboard */ = {isa = PBXFileReference; lastKnownFileType = file.storyboard; path = EditMonument.storyboard; sourceTree = "<group>"; };
		1FBFA5C1201AB378009AB396 /* EditMonumentDisplayData.swift */ = {isa = PBXFileReference; lastKnownFileType = sourcecode.swift; path = EditMonumentDisplayData.swift; sourceTree = "<group>"; };
		1FBFA5C2201AB378009AB396 /* EditMonumentPresenter.swift */ = {isa = PBXFileReference; lastKnownFileType = sourcecode.swift; path = EditMonumentPresenter.swift; sourceTree = "<group>"; };
		1FBFA5C3201AB378009AB396 /* EditMonumentRouter.swift */ = {isa = PBXFileReference; lastKnownFileType = sourcecode.swift; path = EditMonumentRouter.swift; sourceTree = "<group>"; };
		1FBFA5C4201AB378009AB396 /* EditMonumentInteractor.swift */ = {isa = PBXFileReference; lastKnownFileType = sourcecode.swift; path = EditMonumentInteractor.swift; sourceTree = "<group>"; };
		1FBFA5C5201AB378009AB396 /* EditMonumentView.swift */ = {isa = PBXFileReference; lastKnownFileType = sourcecode.swift; path = EditMonumentView.swift; sourceTree = "<group>"; };
		1FBFA5CE201AC26C009AB396 /* Date+Extension.swift */ = {isa = PBXFileReference; lastKnownFileType = sourcecode.swift; path = "Date+Extension.swift"; sourceTree = "<group>"; };
		1FBFA5D1201ACF0F009AB396 /* Typealiases.swift */ = {isa = PBXFileReference; lastKnownFileType = sourcecode.swift; path = Typealiases.swift; sourceTree = "<group>"; };
		34EF83F1BCE5DE8456BC9CD5 /* Pods-ForceManagerUITests.release.xcconfig */ = {isa = PBXFileReference; includeInIndex = 1; lastKnownFileType = text.xcconfig; name = "Pods-ForceManagerUITests.release.xcconfig"; path = "Pods/Target Support Files/Pods-ForceManagerUITests/Pods-ForceManagerUITests.release.xcconfig"; sourceTree = "<group>"; };
		3EF2F0CDD1A45B1381676F31 /* Pods-ForceManagerTests.release.xcconfig */ = {isa = PBXFileReference; includeInIndex = 1; lastKnownFileType = text.xcconfig; name = "Pods-ForceManagerTests.release.xcconfig"; path = "Pods/Target Support Files/Pods-ForceManagerTests/Pods-ForceManagerTests.release.xcconfig"; sourceTree = "<group>"; };
		4D6E900FCE4F7E12E2D7983C /* Pods-ForceManager.release.xcconfig */ = {isa = PBXFileReference; includeInIndex = 1; lastKnownFileType = text.xcconfig; name = "Pods-ForceManager.release.xcconfig"; path = "Pods/Target Support Files/Pods-ForceManager/Pods-ForceManager.release.xcconfig"; sourceTree = "<group>"; };
		9FCAC67AFCD3588373FBF1C4 /* Pods_ForceManager.framework */ = {isa = PBXFileReference; explicitFileType = wrapper.framework; includeInIndex = 0; path = Pods_ForceManager.framework; sourceTree = BUILT_PRODUCTS_DIR; };
		B032E14AF2AC61C0082900D4 /* Pods-ForceManagerTests.debug.xcconfig */ = {isa = PBXFileReference; includeInIndex = 1; lastKnownFileType = text.xcconfig; name = "Pods-ForceManagerTests.debug.xcconfig"; path = "Pods/Target Support Files/Pods-ForceManagerTests/Pods-ForceManagerTests.debug.xcconfig"; sourceTree = "<group>"; };
		C32415E01678DEA5BDDB1C13 /* Pods_ForceManagerUITests.framework */ = {isa = PBXFileReference; explicitFileType = wrapper.framework; includeInIndex = 0; path = Pods_ForceManagerUITests.framework; sourceTree = BUILT_PRODUCTS_DIR; };
		CF9A4E98316ED08E4843E233 /* Pods-ForceManager.debug.xcconfig */ = {isa = PBXFileReference; includeInIndex = 1; lastKnownFileType = text.xcconfig; name = "Pods-ForceManager.debug.xcconfig"; path = "Pods/Target Support Files/Pods-ForceManager/Pods-ForceManager.debug.xcconfig"; sourceTree = "<group>"; };
		E4840E1366C3F5B4DE4F1FC7 /* Pods_ForceManagerTests.framework */ = {isa = PBXFileReference; explicitFileType = wrapper.framework; includeInIndex = 0; path = Pods_ForceManagerTests.framework; sourceTree = BUILT_PRODUCTS_DIR; };
/* End PBXFileReference section */

/* Begin PBXFrameworksBuildPhase section */
		1F79AD3D201A5918003FA1E3 /* Frameworks */ = {
			isa = PBXFrameworksBuildPhase;
			buildActionMask = 2147483647;
			files = (
				09940E3E96DBA8FDC5A35701 /* Pods_ForceManager.framework in Frameworks */,
			);
			runOnlyForDeploymentPostprocessing = 0;
		};
		1F79AD51201A5918003FA1E3 /* Frameworks */ = {
			isa = PBXFrameworksBuildPhase;
			buildActionMask = 2147483647;
			files = (
				00457B8E508FEAE18B9F78D2 /* Pods_ForceManagerTests.framework in Frameworks */,
			);
			runOnlyForDeploymentPostprocessing = 0;
		};
		1F79AD5C201A5918003FA1E3 /* Frameworks */ = {
			isa = PBXFrameworksBuildPhase;
			buildActionMask = 2147483647;
			files = (
				2E412D762E3CD76CA06E7EB9 /* Pods_ForceManagerUITests.framework in Frameworks */,
			);
			runOnlyForDeploymentPostprocessing = 0;
		};
/* End PBXFrameworksBuildPhase section */

/* Begin PBXGroup section */
		1F79AD37201A5918003FA1E3 = {
			isa = PBXGroup;
			children = (
				1F79AD42201A5918003FA1E3 /* ForceManager */,
				1F79AD57201A5918003FA1E3 /* ForceManagerTests */,
				1F79AD62201A5918003FA1E3 /* ForceManagerUITests */,
				1F79AD41201A5918003FA1E3 /* Products */,
				B5834B3E6ED9053B6F62D658 /* Pods */,
				9D86E1C7CB28E71EAB884FA9 /* Frameworks */,
			);
			sourceTree = "<group>";
		};
		1F79AD41201A5918003FA1E3 /* Products */ = {
			isa = PBXGroup;
			children = (
				1F79AD40201A5918003FA1E3 /* ForceManager.app */,
				1F79AD54201A5918003FA1E3 /* ForceManagerTests.xctest */,
				1F79AD5F201A5918003FA1E3 /* ForceManagerUITests.xctest */,
			);
			name = Products;
			sourceTree = "<group>";
		};
		1F79AD42201A5918003FA1E3 /* ForceManager */ = {
			isa = PBXGroup;
			children = (
				1F79AD43201A5918003FA1E3 /* AppDelegate.swift */,
				1F79AD71201A5A0B003FA1E3 /* Modules */,
				1F79AD86201A6459003FA1E3 /* Network */,
				1FBFA5CC201AC241009AB396 /* Common */,
				1F79AD47201A5918003FA1E3 /* Main.storyboard */,
				1F79AD4A201A5918003FA1E3 /* Assets.xcassets */,
				1F79AD4C201A5918003FA1E3 /* LaunchScreen.storyboard */,
				1F79AD4F201A5918003FA1E3 /* Info.plist */,
			);
			path = ForceManager;
			sourceTree = "<group>";
		};
		1F79AD57201A5918003FA1E3 /* ForceManagerTests */ = {
			isa = PBXGroup;
			children = (
				1F79AD58201A5918003FA1E3 /* ForceManagerTests.swift */,
				1F79AD5A201A5918003FA1E3 /* Info.plist */,
			);
			path = ForceManagerTests;
			sourceTree = "<group>";
		};
		1F79AD62201A5918003FA1E3 /* ForceManagerUITests */ = {
			isa = PBXGroup;
			children = (
				1F79AD63201A5918003FA1E3 /* ForceManagerUITests.swift */,
				1F79AD65201A5918003FA1E3 /* Info.plist */,
			);
			path = ForceManagerUITests;
			sourceTree = "<group>";
		};
		1F79AD71201A5A0B003FA1E3 /* Modules */ = {
			isa = PBXGroup;
			children = (
				1F79AD7F201A5AC3003FA1E3 /* AppModules.swift */,
				1F79AD7E201A5A9D003FA1E3 /* Monuments */,
				1FBFA5BF201AB360009AB396 /* EditMonument */,
			);
			path = Modules;
			sourceTree = "<group>";
		};
		1F79AD7E201A5A9D003FA1E3 /* Monuments */ = {
			isa = PBXGroup;
			children = (
				1F79AD81201A5D5A003FA1E3 /* Cells */,
				1F79AD72201A5A8E003FA1E3 /* Monuments.storyboard */,
				1F79AD73201A5A8E003FA1E3 /* MonumentsDisplayData.swift */,
				1F79AD74201A5A8E003FA1E3 /* MonumentsPresenter.swift */,
				1F79AD75201A5A8E003FA1E3 /* MonumentsRouter.swift */,
				1F79AD76201A5A8E003FA1E3 /* MonumentsInteractor.swift */,
				1F79AD77201A5A8E003FA1E3 /* MonumentsView.swift */,
			);
			path = Monuments;
			sourceTree = "<group>";
		};
		1F79AD81201A5D5A003FA1E3 /* Cells */ = {
			isa = PBXGroup;
			children = (
				1F79AD82201A5D73003FA1E3 /* MonumentTableViewCell.swift */,
				1F79AD83201A5D73003FA1E3 /* MonumentTableViewCell.xib */,
			);
			path = Cells;
			sourceTree = "<group>";
		};
		1F79AD86201A6459003FA1E3 /* Network */ = {
			isa = PBXGroup;
			children = (
				1F79AD87201A646D003FA1E3 /* Models */,
			);
			path = Network;
			sourceTree = "<group>";
		};
		1F79AD87201A646D003FA1E3 /* Models */ = {
			isa = PBXGroup;
			children = (
				1F79AD88201A6479003FA1E3 /* Monument.swift */,
			);
			path = Models;
			sourceTree = "<group>";
		};
		1FBFA5BF201AB360009AB396 /* EditMonument */ = {
			isa = PBXGroup;
			children = (
				1FBFA5C0201AB378009AB396 /* EditMonument.storyboard */,
				1FBFA5C1201AB378009AB396 /* EditMonumentDisplayData.swift */,
				1FBFA5C2201AB378009AB396 /* EditMonumentPresenter.swift */,
				1FBFA5C3201AB378009AB396 /* EditMonumentRouter.swift */,
				1FBFA5C4201AB378009AB396 /* EditMonumentInteractor.swift */,
				1FBFA5C5201AB378009AB396 /* EditMonumentView.swift */,
			);
			path = EditMonument;
			sourceTree = "<group>";
		};
		1FBFA5CC201AC241009AB396 /* Common */ = {
			isa = PBXGroup;
			children = (
				1FBFA5D0201ACEFF009AB396 /* Others */,
				1FBFA5CD201AC24A009AB396 /* Extensions */,
			);
			path = Common;
			sourceTree = "<group>";
		};
		1FBFA5CD201AC24A009AB396 /* Extensions */ = {
			isa = PBXGroup;
			children = (
				1FBFA5CE201AC26C009AB396 /* Date+Extension.swift */,
			);
			path = Extensions;
			sourceTree = "<group>";
		};
		1FBFA5D0201ACEFF009AB396 /* Others */ = {
			isa = PBXGroup;
			children = (
				1FBFA5D1201ACF0F009AB396 /* Typealiases.swift */,
			);
			path = Others;
			sourceTree = "<group>";
		};
		9D86E1C7CB28E71EAB884FA9 /* Frameworks */ = {
			isa = PBXGroup;
			children = (
				9FCAC67AFCD3588373FBF1C4 /* Pods_ForceManager.framework */,
				E4840E1366C3F5B4DE4F1FC7 /* Pods_ForceManagerTests.framework */,
				C32415E01678DEA5BDDB1C13 /* Pods_ForceManagerUITests.framework */,
			);
			name = Frameworks;
			sourceTree = "<group>";
		};
		B5834B3E6ED9053B6F62D658 /* Pods */ = {
			isa = PBXGroup;
			children = (
				CF9A4E98316ED08E4843E233 /* Pods-ForceManager.debug.xcconfig */,
				4D6E900FCE4F7E12E2D7983C /* Pods-ForceManager.release.xcconfig */,
				B032E14AF2AC61C0082900D4 /* Pods-ForceManagerTests.debug.xcconfig */,
				3EF2F0CDD1A45B1381676F31 /* Pods-ForceManagerTests.release.xcconfig */,
				03C905D59ADEE9288FE0AEA8 /* Pods-ForceManagerUITests.debug.xcconfig */,
				34EF83F1BCE5DE8456BC9CD5 /* Pods-ForceManagerUITests.release.xcconfig */,
			);
			name = Pods;
			sourceTree = "<group>";
		};
/* End PBXGroup section */

/* Begin PBXNativeTarget section */
		1F79AD3F201A5918003FA1E3 /* ForceManager */ = {
			isa = PBXNativeTarget;
			buildConfigurationList = 1F79AD68201A5918003FA1E3 /* Build configuration list for PBXNativeTarget "ForceManager" */;
			buildPhases = (
				3C18FAE4230F37D1354C7B13 /* [CP] Check Pods Manifest.lock */,
				1F79AD3C201A5918003FA1E3 /* Sources */,
				1F79AD3D201A5918003FA1E3 /* Frameworks */,
				1F79AD3E201A5918003FA1E3 /* Resources */,
				2A73B46B51C11B3F52A829B6 /* [CP] Embed Pods Frameworks */,
				509D43763FA51FC067619151 /* [CP] Copy Pods Resources */,
			);
			buildRules = (
			);
			dependencies = (
			);
			name = ForceManager;
			productName = ForceManager;
			productReference = 1F79AD40201A5918003FA1E3 /* ForceManager.app */;
			productType = "com.apple.product-type.application";
		};
		1F79AD53201A5918003FA1E3 /* ForceManagerTests */ = {
			isa = PBXNativeTarget;
			buildConfigurationList = 1F79AD6B201A5918003FA1E3 /* Build configuration list for PBXNativeTarget "ForceManagerTests" */;
			buildPhases = (
				71B5A6F846136C21C940EDBE /* [CP] Check Pods Manifest.lock */,
				1F79AD50201A5918003FA1E3 /* Sources */,
				1F79AD51201A5918003FA1E3 /* Frameworks */,
				1F79AD52201A5918003FA1E3 /* Resources */,
				E8AF0B7555A6EDDF3749858A /* [CP] Embed Pods Frameworks */,
				BD2EBBF572217B9397E32E07 /* [CP] Copy Pods Resources */,
			);
			buildRules = (
			);
			dependencies = (
				1F79AD56201A5918003FA1E3 /* PBXTargetDependency */,
			);
			name = ForceManagerTests;
			productName = ForceManagerTests;
			productReference = 1F79AD54201A5918003FA1E3 /* ForceManagerTests.xctest */;
			productType = "com.apple.product-type.bundle.unit-test";
		};
		1F79AD5E201A5918003FA1E3 /* ForceManagerUITests */ = {
			isa = PBXNativeTarget;
			buildConfigurationList = 1F79AD6E201A5918003FA1E3 /* Build configuration list for PBXNativeTarget "ForceManagerUITests" */;
			buildPhases = (
				5BC36C396C7C2304FD8D797C /* [CP] Check Pods Manifest.lock */,
				1F79AD5B201A5918003FA1E3 /* Sources */,
				1F79AD5C201A5918003FA1E3 /* Frameworks */,
				1F79AD5D201A5918003FA1E3 /* Resources */,
				14B4A2EA2C0145D9C4A7F4D3 /* [CP] Embed Pods Frameworks */,
				4F05B51DF0B8833C58E5EC13 /* [CP] Copy Pods Resources */,
			);
			buildRules = (
			);
			dependencies = (
				1F79AD61201A5918003FA1E3 /* PBXTargetDependency */,
			);
			name = ForceManagerUITests;
			productName = ForceManagerUITests;
			productReference = 1F79AD5F201A5918003FA1E3 /* ForceManagerUITests.xctest */;
			productType = "com.apple.product-type.bundle.ui-testing";
		};
/* End PBXNativeTarget section */

/* Begin PBXProject section */
		1F79AD38201A5918003FA1E3 /* Project object */ = {
			isa = PBXProject;
			attributes = {
				LastSwiftUpdateCheck = 0920;
				LastUpgradeCheck = 0920;
				ORGANIZATIONNAME = Muntalapps;
				TargetAttributes = {
					1F79AD3F201A5918003FA1E3 = {
						CreatedOnToolsVersion = 9.2;
						ProvisioningStyle = Automatic;
					};
					1F79AD53201A5918003FA1E3 = {
						CreatedOnToolsVersion = 9.2;
						ProvisioningStyle = Automatic;
						TestTargetID = 1F79AD3F201A5918003FA1E3;
					};
					1F79AD5E201A5918003FA1E3 = {
						CreatedOnToolsVersion = 9.2;
						ProvisioningStyle = Automatic;
						TestTargetID = 1F79AD3F201A5918003FA1E3;
					};
				};
			};
			buildConfigurationList = 1F79AD3B201A5918003FA1E3 /* Build configuration list for PBXProject "ForceManager" */;
			compatibilityVersion = "Xcode 8.0";
			developmentRegion = en;
			hasScannedForEncodings = 0;
			knownRegions = (
				en,
				Base,
			);
			mainGroup = 1F79AD37201A5918003FA1E3;
			productRefGroup = 1F79AD41201A5918003FA1E3 /* Products */;
			projectDirPath = "";
			projectRoot = "";
			targets = (
				1F79AD3F201A5918003FA1E3 /* ForceManager */,
				1F79AD53201A5918003FA1E3 /* ForceManagerTests */,
				1F79AD5E201A5918003FA1E3 /* ForceManagerUITests */,
			);
		};
/* End PBXProject section */

/* Begin PBXResourcesBuildPhase section */
		1F79AD3E201A5918003FA1E3 /* Resources */ = {
			isa = PBXResourcesBuildPhase;
			buildActionMask = 2147483647;
			files = (
				1F79AD4E201A5918003FA1E3 /* LaunchScreen.storyboard in Resources */,
				1F79AD78201A5A8E003FA1E3 /* Monuments.storyboard in Resources */,
				1F79AD4B201A5918003FA1E3 /* Assets.xcassets in Resources */,
				1F79AD49201A5918003FA1E3 /* Main.storyboard in Resources */,
				1F79AD85201A5D73003FA1E3 /* MonumentTableViewCell.xib in Resources */,
				1FBFA5C6201AB378009AB396 /* EditMonument.storyboard in Resources */,
			);
			runOnlyForDeploymentPostprocessing = 0;
		};
		1F79AD52201A5918003FA1E3 /* Resources */ = {
			isa = PBXResourcesBuildPhase;
			buildActionMask = 2147483647;
			files = (
			);
			runOnlyForDeploymentPostprocessing = 0;
		};
		1F79AD5D201A5918003FA1E3 /* Resources */ = {
			isa = PBXResourcesBuildPhase;
			buildActionMask = 2147483647;
			files = (
			);
			runOnlyForDeploymentPostprocessing = 0;
		};
/* End PBXResourcesBuildPhase section */

/* Begin PBXShellScriptBuildPhase section */
		14B4A2EA2C0145D9C4A7F4D3 /* [CP] Embed Pods Frameworks */ = {
			isa = PBXShellScriptBuildPhase;
			buildActionMask = 2147483647;
			files = (
			);
			inputPaths = (
			);
			name = "[CP] Embed Pods Frameworks";
			outputPaths = (
			);
			runOnlyForDeploymentPostprocessing = 0;
			shellPath = /bin/sh;
			shellScript = "\"${SRCROOT}/Pods/Target Support Files/Pods-ForceManagerUITests/Pods-ForceManagerUITests-frameworks.sh\"\n";
			showEnvVarsInLog = 0;
		};
		2A73B46B51C11B3F52A829B6 /* [CP] Embed Pods Frameworks */ = {
			isa = PBXShellScriptBuildPhase;
			buildActionMask = 2147483647;
			files = (
			);
			inputPaths = (
				"${SRCROOT}/Pods/Target Support Files/Pods-ForceManager/Pods-ForceManager-frameworks.sh",
				"${BUILT_PRODUCTS_DIR}/SwiftyJSON/SwiftyJSON.framework",
				"${BUILT_PRODUCTS_DIR}/Viperit/Viperit.framework",
			);
			name = "[CP] Embed Pods Frameworks";
			outputPaths = (
				"${TARGET_BUILD_DIR}/${FRAMEWORKS_FOLDER_PATH}/SwiftyJSON.framework",
				"${TARGET_BUILD_DIR}/${FRAMEWORKS_FOLDER_PATH}/Viperit.framework",
			);
			runOnlyForDeploymentPostprocessing = 0;
			shellPath = /bin/sh;
			shellScript = "\"${SRCROOT}/Pods/Target Support Files/Pods-ForceManager/Pods-ForceManager-frameworks.sh\"\n";
			showEnvVarsInLog = 0;
		};
		3C18FAE4230F37D1354C7B13 /* [CP] Check Pods Manifest.lock */ = {
			isa = PBXShellScriptBuildPhase;
			buildActionMask = 2147483647;
			files = (
			);
			inputPaths = (
				"${PODS_PODFILE_DIR_PATH}/Podfile.lock",
				"${PODS_ROOT}/Manifest.lock",
			);
			name = "[CP] Check Pods Manifest.lock";
			outputPaths = (
				"$(DERIVED_FILE_DIR)/Pods-ForceManager-checkManifestLockResult.txt",
			);
			runOnlyForDeploymentPostprocessing = 0;
			shellPath = /bin/sh;
			shellScript = "diff \"${PODS_PODFILE_DIR_PATH}/Podfile.lock\" \"${PODS_ROOT}/Manifest.lock\" > /dev/null\nif [ $? != 0 ] ; then\n    # print error to STDERR\n    echo \"error: The sandbox is not in sync with the Podfile.lock. Run 'pod install' or update your CocoaPods installation.\" >&2\n    exit 1\nfi\n# This output is used by Xcode 'outputs' to avoid re-running this script phase.\necho \"SUCCESS\" > \"${SCRIPT_OUTPUT_FILE_0}\"\n";
			showEnvVarsInLog = 0;
		};
		4F05B51DF0B8833C58E5EC13 /* [CP] Copy Pods Resources */ = {
			isa = PBXShellScriptBuildPhase;
			buildActionMask = 2147483647;
			files = (
			);
			inputPaths = (
			);
			name = "[CP] Copy Pods Resources";
			outputPaths = (
			);
			runOnlyForDeploymentPostprocessing = 0;
			shellPath = /bin/sh;
			shellScript = "\"${SRCROOT}/Pods/Target Support Files/Pods-ForceManagerUITests/Pods-ForceManagerUITests-resources.sh\"\n";
			showEnvVarsInLog = 0;
		};
		509D43763FA51FC067619151 /* [CP] Copy Pods Resources */ = {
			isa = PBXShellScriptBuildPhase;
			buildActionMask = 2147483647;
			files = (
			);
			inputPaths = (
			);
			name = "[CP] Copy Pods Resources";
			outputPaths = (
			);
			runOnlyForDeploymentPostprocessing = 0;
			shellPath = /bin/sh;
			shellScript = "\"${SRCROOT}/Pods/Target Support Files/Pods-ForceManager/Pods-ForceManager-resources.sh\"\n";
			showEnvVarsInLog = 0;
		};
		5BC36C396C7C2304FD8D797C /* [CP] Check Pods Manifest.lock */ = {
			isa = PBXShellScriptBuildPhase;
			buildActionMask = 2147483647;
			files = (
			);
			inputPaths = (
				"${PODS_PODFILE_DIR_PATH}/Podfile.lock",
				"${PODS_ROOT}/Manifest.lock",
			);
			name = "[CP] Check Pods Manifest.lock";
			outputPaths = (
				"$(DERIVED_FILE_DIR)/Pods-ForceManagerUITests-checkManifestLockResult.txt",
			);
			runOnlyForDeploymentPostprocessing = 0;
			shellPath = /bin/sh;
			shellScript = "diff \"${PODS_PODFILE_DIR_PATH}/Podfile.lock\" \"${PODS_ROOT}/Manifest.lock\" > /dev/null\nif [ $? != 0 ] ; then\n    # print error to STDERR\n    echo \"error: The sandbox is not in sync with the Podfile.lock. Run 'pod install' or update your CocoaPods installation.\" >&2\n    exit 1\nfi\n# This output is used by Xcode 'outputs' to avoid re-running this script phase.\necho \"SUCCESS\" > \"${SCRIPT_OUTPUT_FILE_0}\"\n";
			showEnvVarsInLog = 0;
		};
		71B5A6F846136C21C940EDBE /* [CP] Check Pods Manifest.lock */ = {
			isa = PBXShellScriptBuildPhase;
			buildActionMask = 2147483647;
			files = (
			);
			inputPaths = (
				"${PODS_PODFILE_DIR_PATH}/Podfile.lock",
				"${PODS_ROOT}/Manifest.lock",
			);
			name = "[CP] Check Pods Manifest.lock";
			outputPaths = (
				"$(DERIVED_FILE_DIR)/Pods-ForceManagerTests-checkManifestLockResult.txt",
			);
			runOnlyForDeploymentPostprocessing = 0;
			shellPath = /bin/sh;
			shellScript = "diff \"${PODS_PODFILE_DIR_PATH}/Podfile.lock\" \"${PODS_ROOT}/Manifest.lock\" > /dev/null\nif [ $? != 0 ] ; then\n    # print error to STDERR\n    echo \"error: The sandbox is not in sync with the Podfile.lock. Run 'pod install' or update your CocoaPods installation.\" >&2\n    exit 1\nfi\n# This output is used by Xcode 'outputs' to avoid re-running this script phase.\necho \"SUCCESS\" > \"${SCRIPT_OUTPUT_FILE_0}\"\n";
			showEnvVarsInLog = 0;
		};
		BD2EBBF572217B9397E32E07 /* [CP] Copy Pods Resources */ = {
			isa = PBXShellScriptBuildPhase;
			buildActionMask = 2147483647;
			files = (
			);
			inputPaths = (
			);
			name = "[CP] Copy Pods Resources";
			outputPaths = (
			);
			runOnlyForDeploymentPostprocessing = 0;
			shellPath = /bin/sh;
			shellScript = "\"${SRCROOT}/Pods/Target Support Files/Pods-ForceManagerTests/Pods-ForceManagerTests-resources.sh\"\n";
			showEnvVarsInLog = 0;
		};
		E8AF0B7555A6EDDF3749858A /* [CP] Embed Pods Frameworks */ = {
			isa = PBXShellScriptBuildPhase;
			buildActionMask = 2147483647;
			files = (
			);
			inputPaths = (
			);
			name = "[CP] Embed Pods Frameworks";
			outputPaths = (
			);
			runOnlyForDeploymentPostprocessing = 0;
			shellPath = /bin/sh;
			shellScript = "\"${SRCROOT}/Pods/Target Support Files/Pods-ForceManagerTests/Pods-ForceManagerTests-frameworks.sh\"\n";
			showEnvVarsInLog = 0;
		};
/* End PBXShellScriptBuildPhase section */

/* Begin PBXSourcesBuildPhase section */
		1F79AD3C201A5918003FA1E3 /* Sources */ = {
			isa = PBXSourcesBuildPhase;
			buildActionMask = 2147483647;
			files = (
				1FBFA5D2201ACF0F009AB396 /* Typealiases.swift in Sources */,
				1FBFA5CA201AB378009AB396 /* EditMonumentInteractor.swift in Sources */,
				1F79AD84201A5D73003FA1E3 /* MonumentTableViewCell.swift in Sources */,
				1FBFA5C9201AB378009AB396 /* EditMonumentRouter.swift in Sources */,
				1F79AD7C201A5A8E003FA1E3 /* MonumentsInteractor.swift in Sources */,
				1F79AD7A201A5A8E003FA1E3 /* MonumentsPresenter.swift in Sources */,
				1FBFA5CF201AC26C009AB396 /* Date+Extension.swift in Sources */,
				1FBFA5CB201AB378009AB396 /* EditMonumentView.swift in Sources */,
				1F79AD89201A6479003FA1E3 /* Monument.swift in Sources */,
				1F79AD44201A5918003FA1E3 /* AppDelegate.swift in Sources */,
				1F79AD7B201A5A8E003FA1E3 /* MonumentsRouter.swift in Sources */,
				1F79AD80201A5AC3003FA1E3 /* AppModules.swift in Sources */,
				1FBFA5C8201AB378009AB396 /* EditMonumentPresenter.swift in Sources */,
				1F79AD7D201A5A8E003FA1E3 /* MonumentsView.swift in Sources */,
				1F79AD79201A5A8E003FA1E3 /* MonumentsDisplayData.swift in Sources */,
				1FBFA5C7201AB378009AB396 /* EditMonumentDisplayData.swift in Sources */,
			);
			runOnlyForDeploymentPostprocessing = 0;
		};
		1F79AD50201A5918003FA1E3 /* Sources */ = {
			isa = PBXSourcesBuildPhase;
			buildActionMask = 2147483647;
			files = (
				1F79AD59201A5918003FA1E3 /* ForceManagerTests.swift in Sources */,
			);
			runOnlyForDeploymentPostprocessing = 0;
		};
		1F79AD5B201A5918003FA1E3 /* Sources */ = {
			isa = PBXSourcesBuildPhase;
			buildActionMask = 2147483647;
			files = (
				1F79AD64201A5918003FA1E3 /* ForceManagerUITests.swift in Sources */,
			);
			runOnlyForDeploymentPostprocessing = 0;
		};
/* End PBXSourcesBuildPhase section */

/* Begin PBXTargetDependency section */
		1F79AD56201A5918003FA1E3 /* PBXTargetDependency */ = {
			isa = PBXTargetDependency;
			target = 1F79AD3F201A5918003FA1E3 /* ForceManager */;
			targetProxy = 1F79AD55201A5918003FA1E3 /* PBXContainerItemProxy */;
		};
		1F79AD61201A5918003FA1E3 /* PBXTargetDependency */ = {
			isa = PBXTargetDependency;
			target = 1F79AD3F201A5918003FA1E3 /* ForceManager */;
			targetProxy = 1F79AD60201A5918003FA1E3 /* PBXContainerItemProxy */;
		};
/* End PBXTargetDependency section */

/* Begin PBXVariantGroup section */
		1F79AD47201A5918003FA1E3 /* Main.storyboard */ = {
			isa = PBXVariantGroup;
			children = (
				1F79AD48201A5918003FA1E3 /* Base */,
			);
			name = Main.storyboard;
			sourceTree = "<group>";
		};
		1F79AD4C201A5918003FA1E3 /* LaunchScreen.storyboard */ = {
			isa = PBXVariantGroup;
			children = (
				1F79AD4D201A5918003FA1E3 /* Base */,
			);
			name = LaunchScreen.storyboard;
			sourceTree = "<group>";
		};
/* End PBXVariantGroup section */

/* Begin XCBuildConfiguration section */
		1F79AD66201A5918003FA1E3 /* Debug */ = {
			isa = XCBuildConfiguration;
			buildSettings = {
				ALWAYS_SEARCH_USER_PATHS = NO;
				CLANG_ANALYZER_NONNULL = YES;
				CLANG_ANALYZER_NUMBER_OBJECT_CONVERSION = YES_AGGRESSIVE;
				CLANG_CXX_LANGUAGE_STANDARD = "gnu++14";
				CLANG_CXX_LIBRARY = "libc++";
				CLANG_ENABLE_MODULES = YES;
				CLANG_ENABLE_OBJC_ARC = YES;
				CLANG_WARN_BLOCK_CAPTURE_AUTORELEASING = YES;
				CLANG_WARN_BOOL_CONVERSION = YES;
				CLANG_WARN_COMMA = YES;
				CLANG_WARN_CONSTANT_CONVERSION = YES;
				CLANG_WARN_DIRECT_OBJC_ISA_USAGE = YES_ERROR;
				CLANG_WARN_DOCUMENTATION_COMMENTS = YES;
				CLANG_WARN_EMPTY_BODY = YES;
				CLANG_WARN_ENUM_CONVERSION = YES;
				CLANG_WARN_INFINITE_RECURSION = YES;
				CLANG_WARN_INT_CONVERSION = YES;
				CLANG_WARN_NON_LITERAL_NULL_CONVERSION = YES;
				CLANG_WARN_OBJC_LITERAL_CONVERSION = YES;
				CLANG_WARN_OBJC_ROOT_CLASS = YES_ERROR;
				CLANG_WARN_RANGE_LOOP_ANALYSIS = YES;
				CLANG_WARN_STRICT_PROTOTYPES = YES;
				CLANG_WARN_SUSPICIOUS_MOVE = YES;
				CLANG_WARN_UNGUARDED_AVAILABILITY = YES_AGGRESSIVE;
				CLANG_WARN_UNREACHABLE_CODE = YES;
				CLANG_WARN__DUPLICATE_METHOD_MATCH = YES;
				CODE_SIGN_IDENTITY = "iPhone Developer";
				COPY_PHASE_STRIP = NO;
				DEBUG_INFORMATION_FORMAT = dwarf;
				ENABLE_STRICT_OBJC_MSGSEND = YES;
				ENABLE_TESTABILITY = YES;
				GCC_C_LANGUAGE_STANDARD = gnu11;
				GCC_DYNAMIC_NO_PIC = NO;
				GCC_NO_COMMON_BLOCKS = YES;
				GCC_OPTIMIZATION_LEVEL = 0;
				GCC_PREPROCESSOR_DEFINITIONS = (
					"DEBUG=1",
					"$(inherited)",
				);
				GCC_WARN_64_TO_32_BIT_CONVERSION = YES;
				GCC_WARN_ABOUT_RETURN_TYPE = YES_ERROR;
				GCC_WARN_UNDECLARED_SELECTOR = YES;
				GCC_WARN_UNINITIALIZED_AUTOS = YES_AGGRESSIVE;
				GCC_WARN_UNUSED_FUNCTION = YES;
				GCC_WARN_UNUSED_VARIABLE = YES;
				IPHONEOS_DEPLOYMENT_TARGET = 11.2;
				MTL_ENABLE_DEBUG_INFO = YES;
				ONLY_ACTIVE_ARCH = YES;
				SDKROOT = iphoneos;
				SWIFT_ACTIVE_COMPILATION_CONDITIONS = DEBUG;
				SWIFT_OPTIMIZATION_LEVEL = "-Onone";
			};
			name = Debug;
		};
		1F79AD67201A5918003FA1E3 /* Release */ = {
			isa = XCBuildConfiguration;
			buildSettings = {
				ALWAYS_SEARCH_USER_PATHS = NO;
				CLANG_ANALYZER_NONNULL = YES;
				CLANG_ANALYZER_NUMBER_OBJECT_CONVERSION = YES_AGGRESSIVE;
				CLANG_CXX_LANGUAGE_STANDARD = "gnu++14";
				CLANG_CXX_LIBRARY = "libc++";
				CLANG_ENABLE_MODULES = YES;
				CLANG_ENABLE_OBJC_ARC = YES;
				CLANG_WARN_BLOCK_CAPTURE_AUTORELEASING = YES;
				CLANG_WARN_BOOL_CONVERSION = YES;
				CLANG_WARN_COMMA = YES;
				CLANG_WARN_CONSTANT_CONVERSION = YES;
				CLANG_WARN_DIRECT_OBJC_ISA_USAGE = YES_ERROR;
				CLANG_WARN_DOCUMENTATION_COMMENTS = YES;
				CLANG_WARN_EMPTY_BODY = YES;
				CLANG_WARN_ENUM_CONVERSION = YES;
				CLANG_WARN_INFINITE_RECURSION = YES;
				CLANG_WARN_INT_CONVERSION = YES;
				CLANG_WARN_NON_LITERAL_NULL_CONVERSION = YES;
				CLANG_WARN_OBJC_LITERAL_CONVERSION = YES;
				CLANG_WARN_OBJC_ROOT_CLASS = YES_ERROR;
				CLANG_WARN_RANGE_LOOP_ANALYSIS = YES;
				CLANG_WARN_STRICT_PROTOTYPES = YES;
				CLANG_WARN_SUSPICIOUS_MOVE = YES;
				CLANG_WARN_UNGUARDED_AVAILABILITY = YES_AGGRESSIVE;
				CLANG_WARN_UNREACHABLE_CODE = YES;
				CLANG_WARN__DUPLICATE_METHOD_MATCH = YES;
				CODE_SIGN_IDENTITY = "iPhone Developer";
				COPY_PHASE_STRIP = NO;
				DEBUG_INFORMATION_FORMAT = "dwarf-with-dsym";
				ENABLE_NS_ASSERTIONS = NO;
				ENABLE_STRICT_OBJC_MSGSEND = YES;
				GCC_C_LANGUAGE_STANDARD = gnu11;
				GCC_NO_COMMON_BLOCKS = YES;
				GCC_WARN_64_TO_32_BIT_CONVERSION = YES;
				GCC_WARN_ABOUT_RETURN_TYPE = YES_ERROR;
				GCC_WARN_UNDECLARED_SELECTOR = YES;
				GCC_WARN_UNINITIALIZED_AUTOS = YES_AGGRESSIVE;
				GCC_WARN_UNUSED_FUNCTION = YES;
				GCC_WARN_UNUSED_VARIABLE = YES;
				IPHONEOS_DEPLOYMENT_TARGET = 11.2;
				MTL_ENABLE_DEBUG_INFO = NO;
				SDKROOT = iphoneos;
				SWIFT_OPTIMIZATION_LEVEL = "-Owholemodule";
				VALIDATE_PRODUCT = YES;
			};
			name = Release;
		};
		1F79AD69201A5918003FA1E3 /* Debug */ = {
			isa = XCBuildConfiguration;
			baseConfigurationReference = CF9A4E98316ED08E4843E233 /* Pods-ForceManager.debug.xcconfig */;
			buildSettings = {
				ASSETCATALOG_COMPILER_APPICON_NAME = AppIcon;
				CODE_SIGN_STYLE = Automatic;
				INFOPLIST_FILE = ForceManager/Info.plist;
				LD_RUNPATH_SEARCH_PATHS = "$(inherited) @executable_path/Frameworks";
				PRODUCT_BUNDLE_IDENTIFIER = com.muntalapps.ForceManager;
				PRODUCT_NAME = "$(TARGET_NAME)";
				SWIFT_VERSION = 4.0;
				TARGETED_DEVICE_FAMILY = "1,2";
			};
			name = Debug;
		};
		1F79AD6A201A5918003FA1E3 /* Release */ = {
			isa = XCBuildConfiguration;
			baseConfigurationReference = 4D6E900FCE4F7E12E2D7983C /* Pods-ForceManager.release.xcconfig */;
			buildSettings = {
				ASSETCATALOG_COMPILER_APPICON_NAME = AppIcon;
				CODE_SIGN_STYLE = Automatic;
				INFOPLIST_FILE = ForceManager/Info.plist;
				LD_RUNPATH_SEARCH_PATHS = "$(inherited) @executable_path/Frameworks";
				PRODUCT_BUNDLE_IDENTIFIER = com.muntalapps.ForceManager;
				PRODUCT_NAME = "$(TARGET_NAME)";
				SWIFT_VERSION = 4.0;
				TARGETED_DEVICE_FAMILY = "1,2";
			};
			name = Release;
		};
		1F79AD6C201A5918003FA1E3 /* Debug */ = {
			isa = XCBuildConfiguration;
			baseConfigurationReference = B032E14AF2AC61C0082900D4 /* Pods-ForceManagerTests.debug.xcconfig */;
			buildSettings = {
				ALWAYS_EMBED_SWIFT_STANDARD_LIBRARIES = YES;
				BUNDLE_LOADER = "$(TEST_HOST)";
				CODE_SIGN_STYLE = Automatic;
				INFOPLIST_FILE = ForceManagerTests/Info.plist;
				LD_RUNPATH_SEARCH_PATHS = "$(inherited) @executable_path/Frameworks @loader_path/Frameworks";
				PRODUCT_BUNDLE_IDENTIFIER = com.muntalapps.ForceManagerTests;
				PRODUCT_NAME = "$(TARGET_NAME)";
				SWIFT_VERSION = 4.0;
				TARGETED_DEVICE_FAMILY = "1,2";
				TEST_HOST = "$(BUILT_PRODUCTS_DIR)/ForceManager.app/ForceManager";
			};
			name = Debug;
		};
		1F79AD6D201A5918003FA1E3 /* Release */ = {
			isa = XCBuildConfiguration;
			baseConfigurationReference = 3EF2F0CDD1A45B1381676F31 /* Pods-ForceManagerTests.release.xcconfig */;
			buildSettings = {
				ALWAYS_EMBED_SWIFT_STANDARD_LIBRARIES = YES;
				BUNDLE_LOADER = "$(TEST_HOST)";
				CODE_SIGN_STYLE = Automatic;
				INFOPLIST_FILE = ForceManagerTests/Info.plist;
				LD_RUNPATH_SEARCH_PATHS = "$(inherited) @executable_path/Frameworks @loader_path/Frameworks";
				PRODUCT_BUNDLE_IDENTIFIER = com.muntalapps.ForceManagerTests;
				PRODUCT_NAME = "$(TARGET_NAME)";
				SWIFT_VERSION = 4.0;
				TARGETED_DEVICE_FAMILY = "1,2";
				TEST_HOST = "$(BUILT_PRODUCTS_DIR)/ForceManager.app/ForceManager";
			};
			name = Release;
		};
		1F79AD6F201A5918003FA1E3 /* Debug */ = {
			isa = XCBuildConfiguration;
			baseConfigurationReference = 03C905D59ADEE9288FE0AEA8 /* Pods-ForceManagerUITests.debug.xcconfig */;
			buildSettings = {
				ALWAYS_EMBED_SWIFT_STANDARD_LIBRARIES = YES;
				CODE_SIGN_STYLE = Automatic;
				INFOPLIST_FILE = ForceManagerUITests/Info.plist;
				LD_RUNPATH_SEARCH_PATHS = "$(inherited) @executable_path/Frameworks @loader_path/Frameworks";
				PRODUCT_BUNDLE_IDENTIFIER = com.muntalapps.ForceManagerUITests;
				PRODUCT_NAME = "$(TARGET_NAME)";
				SWIFT_VERSION = 4.0;
				TARGETED_DEVICE_FAMILY = "1,2";
				TEST_TARGET_NAME = ForceManager;
			};
			name = Debug;
		};
		1F79AD70201A5918003FA1E3 /* Release */ = {
			isa = XCBuildConfiguration;
			baseConfigurationReference = 34EF83F1BCE5DE8456BC9CD5 /* Pods-ForceManagerUITests.release.xcconfig */;
			buildSettings = {
				ALWAYS_EMBED_SWIFT_STANDARD_LIBRARIES = YES;
				CODE_SIGN_STYLE = Automatic;
				INFOPLIST_FILE = ForceManagerUITests/Info.plist;
				LD_RUNPATH_SEARCH_PATHS = "$(inherited) @executable_path/Frameworks @loader_path/Frameworks";
				PRODUCT_BUNDLE_IDENTIFIER = com.muntalapps.ForceManagerUITests;
				PRODUCT_NAME = "$(TARGET_NAME)";
				SWIFT_VERSION = 4.0;
				TARGETED_DEVICE_FAMILY = "1,2";
				TEST_TARGET_NAME = ForceManager;
			};
			name = Release;
		};
/* End XCBuildConfiguration section */

/* Begin XCConfigurationList section */
		1F79AD3B201A5918003FA1E3 /* Build configuration list for PBXProject "ForceManager" */ = {
			isa = XCConfigurationList;
			buildConfigurations = (
				1F79AD66201A5918003FA1E3 /* Debug */,
				1F79AD67201A5918003FA1E3 /* Release */,
			);
			defaultConfigurationIsVisible = 0;
			defaultConfigurationName = Release;
		};
		1F79AD68201A5918003FA1E3 /* Build configuration list for PBXNativeTarget "ForceManager" */ = {
			isa = XCConfigurationList;
			buildConfigurations = (
				1F79AD69201A5918003FA1E3 /* Debug */,
				1F79AD6A201A5918003FA1E3 /* Release */,
			);
			defaultConfigurationIsVisible = 0;
			defaultConfigurationName = Release;
		};
		1F79AD6B201A5918003FA1E3 /* Build configuration list for PBXNativeTarget "ForceManagerTests" */ = {
			isa = XCConfigurationList;
			buildConfigurations = (
				1F79AD6C201A5918003FA1E3 /* Debug */,
				1F79AD6D201A5918003FA1E3 /* Release */,
			);
			defaultConfigurationIsVisible = 0;
			defaultConfigurationName = Release;
		};
		1F79AD6E201A5918003FA1E3 /* Build configuration list for PBXNativeTarget "ForceManagerUITests" */ = {
			isa = XCConfigurationList;
			buildConfigurations = (
				1F79AD6F201A5918003FA1E3 /* Debug */,
				1F79AD70201A5918003FA1E3 /* Release */,
			);
			defaultConfigurationIsVisible = 0;
			defaultConfigurationName = Release;
		};
/* End XCConfigurationList section */
	};
	rootObject = 1F79AD38201A5918003FA1E3 /* Project object */;
}
